
Microsoft Visual Studio Solution File, Format Version 12.00
# Visual Studio Version 16
VisualStudioVersion = 16.0.33214.272
MinimumVisualStudioVersion = 10.0.40219.1
Project("{FAE04EC0-301F-11D3-BF4B-00C04F79EFBC}") = "RollOffBackend", "RollOffBackend\RollOffBackend.csproj", "{24522756-003B-43A5-94B1-25B4482D45D4}"
EndProject
Global
	GlobalSection(SolutionConfigurationPlatforms) = preSolution
		Debug|Any CPU = Debug|Any CPU
		Release|Any CPU = Release|Any CPU
	EndGlobalSection
	GlobalSection(ProjectConfigurationPlatforms) = postSolution
		{24522756-003B-43A5-94B1-25B4482D45D4}.Debug|Any CPU.ActiveCfg = Debug|Any CPU
		{24522756-003B-43A5-94B1-25B4482D45D4}.Debug|Any CPU.Build.0 = Debug|Any CPU
		{24522756-003B-43A5-94B1-25B4482D45D4}.Release|Any CPU.ActiveCfg = Release|Any CPU
		{24522756-003B-43A5-94B1-25B4482D45D4}.Release|Any CPU.Build.0 = Release|Any CPU
	EndGlobalSection
	GlobalSection(SolutionProperties) = preSolution
		HideSolutionNode = FALSE
	EndGlobalSection
	GlobalSection(ExtensibilityGlobals) = postSolution
		SolutionGuid = {8EC95F77-E41A-4062-BEE3-09ABFF67CF14}
	EndGlobalSection
EndGlobal
